
Microsoft Visual Studio Solution File, Format Version 12.00
# Visual Studio Version 17
VisualStudioVersion = 17.4.33213.308
MinimumVisualStudioVersion = 10.0.40219.1
Project("{FAE04EC0-301F-11D3-BF4B-00C04F79EFBC}") = "DataLayerLaboratory", "DataLayerLaboratory\DataLayerLaboratory.csproj", "{08E94795-E51A-4CB4-A74C-BF6F9F145A7D}"
EndProject
Project("{FAE04EC0-301F-11D3-BF4B-00C04F79EFBC}") = "ModelLayerLaboratory", "ModelLayerLaboratory\ModelLayerLaboratory.csproj", "{5E0E083B-6E15-4075-A341-5122D56C941B}"
EndProject
Project("{FAE04EC0-301F-11D3-BF4B-00C04F79EFBC}") = "BusinessLayerLaboratory", "BusinessLayerLaboratory\BusinessLayerLaboratory.csproj", "{6947CB81-09B6-401A-BA23-5D713765B39D}"
EndProject
Project("{FAE04EC0-301F-11D3-BF4B-00C04F79EFBC}") = "WebLayerLaboratory", "WebLayerLaboratory\WebLayerLaboratory.csproj", "{08124282-429B-4593-B64A-B76EC33B372A}"
EndProject
Global
	GlobalSection(SolutionConfigurationPlatforms) = preSolution
		Debug|Any CPU = Debug|Any CPU
		Release|Any CPU = Release|Any CPU
	EndGlobalSection
	GlobalSection(ProjectConfigurationPlatforms) = postSolution
		{08E94795-E51A-4CB4-A74C-BF6F9F145A7D}.Debug|Any CPU.ActiveCfg = Debug|Any CPU
		{08E94795-E51A-4CB4-A74C-BF6F9F145A7D}.Debug|Any CPU.Build.0 = Debug|Any CPU
		{08E94795-E51A-4CB4-A74C-BF6F9F145A7D}.Release|Any CPU.ActiveCfg = Release|Any CPU
		{08E94795-E51A-4CB4-A74C-BF6F9F145A7D}.Release|Any CPU.Build.0 = Release|Any CPU
		{5E0E083B-6E15-4075-A341-5122D56C941B}.Debug|Any CPU.ActiveCfg = Debug|Any CPU
		{5E0E083B-6E15-4075-A341-5122D56C941B}.Debug|Any CPU.Build.0 = Debug|Any CPU
		{5E0E083B-6E15-4075-A341-5122D56C941B}.Release|Any CPU.ActiveCfg = Release|Any CPU
		{5E0E083B-6E15-4075-A341-5122D56C941B}.Release|Any CPU.Build.0 = Release|Any CPU
		{6947CB81-09B6-401A-BA23-5D713765B39D}.Debug|Any CPU.ActiveCfg = Debug|Any CPU
		{6947CB81-09B6-401A-BA23-5D713765B39D}.Debug|Any CPU.Build.0 = Debug|Any CPU
		{6947CB81-09B6-401A-BA23-5D713765B39D}.Release|Any CPU.ActiveCfg = Release|Any CPU
		{6947CB81-09B6-401A-BA23-5D713765B39D}.Release|Any CPU.Build.0 = Release|Any CPU
		{08124282-429B-4593-B64A-B76EC33B372A}.Debug|Any CPU.ActiveCfg = Debug|Any CPU
		{08124282-429B-4593-B64A-B76EC33B372A}.Debug|Any CPU.Build.0 = Debug|Any CPU
		{08124282-429B-4593-B64A-B76EC33B372A}.Release|Any CPU.ActiveCfg = Release|Any CPU
		{08124282-429B-4593-B64A-B76EC33B372A}.Release|Any CPU.Build.0 = Release|Any CPU
	EndGlobalSection
	GlobalSection(SolutionProperties) = preSolution
		HideSolutionNode = FALSE
	EndGlobalSection
	GlobalSection(ExtensibilityGlobals) = postSolution
		SolutionGuid = {18C78A5D-2A1E-4248-83DD-81A088C230F5}
	EndGlobalSection
EndGlobal
